# This file is generated by running "yarn install" inside your project.
# Manual changes might be lost - proceed with caution!

__metadata:
  version: 8
  cacheKey: 10c0

"@fortawesome/fontawesome-free@npm:7.3.1":
  version: 7.3.1
  resolution: "@fortawesome/fontawesome-free@npm:7.3.1"
  checksum: 10c0/85b70ea64e69b9635ff0b949871acaaf0e6c6fd41860b8a78a5067123a42dd71144f7f7feea7aee013a485166ee8bf8ee3aafb15146dc0f55512d07015adddee
  languageName: node
  linkType: hard

"@popperjs/core@npm:2.11.8":
  version: 2.11.8
  resolution: "@popperjs/core@npm:2.11.8"
  checksum: 10c0/4681e682abc006d25eb380d0cf3efc7557043f53b6aea7a5057d0d1e7df849a00e281cd8ea79c902a35a414d7919621fc2ba293ecec05f413598e0b23d5a1e63
  languageName: node
  linkType: hard

"@types/jquery@npm:^3.5.16":
  version: 3.5.34
  resolution: "@types/jquery@npm:3.5.34"
  dependencies:
    "@types/sizzle": "npm:*"
  checksum: 10c0/c85eec82531912cc497c34daad3509cf54875a0457c64d82b4fe17a4a27a313150c0882b7dd345b7e98c9116e0bae64c3942b7a76f6edcd664efa701cd1f2d81
  languageName: node
  linkType: hard

"@types/sizzle@npm:*":
  version: 2.3.10
  resolution: "@types/sizzle@npm:2.3.10"
  checksum: 10c0/d43ec1cd0b5e1f66b1abeaf359608853629cd3d6b8dc8b3b40b85a5ee2ce149a4485ccd7eee5c58b5a2814d384f5a951f1dab5d49041ad83457270cb2bc66fe7
  languageName: node
  linkType: hard

"admin-lte@npm:4.9.1":
  version: 4.9.1
  resolution: "admin-lte@npm:4.9.1"
  peerDependencies:
    bootstrap: ^5.3.8
  checksum: 10c0/4109be6ce13aa6dd95290abb3be4a80816a669870c59d00059fb02c620bf7595d67ddaff2d642d59892ffa124fb579dcb72996fbd1d025cca492e94ab047263f
  languageName: node
  linkType: hard

"bootstrap@npm:5.3.8":
  version: 5.3.8
  resolution: "bootstrap@npm:5.3.8"
  peerDependencies:
    "@popperjs/core": ^2.11.8
  checksum: 10c0/0039a9df2c3e7bfa04f1abca199c299ff3b75869d578c0cb1721c6f1f203c91531788a5631ecbee01513481979314d0e4ba0d90c2011e6ce18fc2e0bc93e18d9
  languageName: node
  linkType: hard

"datatables.net-bs5@npm:1.13.11":
  version: 1.13.11
  resolution: "datatables.net-bs5@npm:1.13.11"
  dependencies:
    datatables.net: "npm:1.13.11"
    jquery: "npm:1.8 - 4"
  checksum: 10c0/a4757c3d1b215ec49d92b509e5041a54d0326d710d34645dc28dfa2e754c9999284ba7427691e5106e1a0777a71ea50ebdd1c337332275c5544557fffecfdc03
  languageName: node
  linkType: hard

"datatables.net-plugins@npm:^1.13.1":
  version: 1.13.6
  resolution: "datatables.net-plugins@npm:1.13.6"
  dependencies:
    "@types/jquery": "npm:^3.5.16"
    datatables.net: "npm:^1.13.2"
  checksum: 10c0/fec64da13830586b411422934835f0d6ccbfb1ddfd35ea4bd3723e5107285552a6c098f79f18a2c2724a1de3cdfc55fb99cf53e412ad12aae714d316d80000b2
  languageName: node
  linkType: hard

"datatables.net@npm:1.13.11, datatables.net@npm:^1.13.2":
  version: 1.13.11
  resolution: "datatables.net@npm:1.13.11"
  dependencies:
    jquery: "npm:1.8 - 4"
  checksum: 10c0/943e3d64943dde2740880f5c193c75472e7877b4c2f197d6c0e5a99fdb148770542b1e3f66016ad596a14aaf5dab4202c4585e7a1aa8b9c4b7dd8782dbcfa0ac
  languageName: node
  linkType: hard

"jquery-validation@npm:^1.19.5":
  version: 1.22.1
  resolution: "jquery-validation@npm:1.22.1"
  peerDependencies:
    jquery: ^1.7 || ^2.0 || ^3.1 || ^4.0
  checksum: 10c0/abcb9d5d70646ecd4d8d8941ae0d1f6d4ac206f241efe6ce10bdebc73292160ddafda8908d1fb64d1bb893ea4edea7b9bdd52e8615b8ab04234a5340dc1480f8
  languageName: node
  linkType: hard

"jquery@npm:1.8 - 4":
  version: 4.0.0
  resolution: "jquery@npm:4.0.0"
  checksum: 10c0/06d8d0f51121af5a691f8b59c74823157bb5b60eea915b30eaa920d6c0ffd91e60ba81e9b97bd8203f331f9dd8d0ec9a4b010935ea314bdd2f15453c29bc780b
  languageName: node
  linkType: hard

"jquery@npm:>=1.7.1 <4.0.0, jquery@npm:^3.6.0":
  version: 3.7.1
  resolution: "jquery@npm:3.7.1"
  checksum: 10c0/808cfbfb758438560224bf26e17fcd5afc7419170230c810dd11f5c1792e2263e2970cca8d659eb84fcd9acc301edb6d310096e450277d54be4f57071b0c82d9
  languageName: node
  linkType: hard

"jtimeout@npm:^3.2.0":
  version: 3.2.0
  resolution: "jtimeout@npm:3.2.0"
  dependencies:
    jquery: "npm:>=1.7.1 <4.0.0"
  checksum: 10c0/fe7db5025805012b28bffead125b6705ba73b34ae6a2a91084707ccc32479fafca983c7252d97a54fb39537338c4afb5981225c994a3b3110b9d511df4d07714
  languageName: node
  linkType: hard

"knockout@npm:^3.5.1":
  version: 3.5.3
  resolution: "knockout@npm:3.5.3"
  checksum: 10c0/3f706792f0e164a9bb62f918dca838447452c69bf3a295254532ba895d097fa4d263add5c8d171e6bc600bae467f27fb391175fd9a4eb13ed490e93eda124486
  languageName: node
  linkType: hard

"root-workspace-0b6124@workspace:.":
  version: 0.0.0-use.local
  resolution: "root-workspace-0b6124@workspace:."
  dependencies:
    "@fortawesome/fontawesome-free": "npm:7.3.1"
    "@popperjs/core": "npm:2.11.8"
    admin-lte: "npm:4.9.1"
    bootstrap: "npm:5.3.8"
    datatables.net: "npm:1.13.11"
    datatables.net-bs5: "npm:1.13.11"
    datatables.net-plugins: "npm:^1.13.1"
    jquery: "npm:^3.6.0"
    jquery-validation: "npm:^1.19.5"
    jtimeout: "npm:^3.2.0"
    knockout: "npm:^3.5.1"
  languageName: unknown
  linkType: soft
